
Microsoft Visual Studio Solution File, Format Version 12.00
# Visual Studio Version 17
VisualStudioVersion = 17.0.32112.339
MinimumVisualStudioVersion = 10.0.40219.1
Project("{FAE04EC0-301F-11D3-BF4B-00C04F79EFBC}") = "Product.Data", "Product.Data\Product.Data.csproj", "{128A476C-F0EA-422A-B6CF-33DAAC5CD051}"
EndProject
Project("{FAE04EC0-301F-11D3-BF4B-00C04F79EFBC}") = "Product.API", "Product.API\Product.API.csproj", "{5FF7E617-6853-4110-B8D7-1A077BE95D7B}"
EndProject
Global
	GlobalSection(SolutionConfigurationPlatforms) = preSolution
		Debug|Any CPU = Debug|Any CPU
		Release|Any CPU = Release|Any CPU
	EndGlobalSection
	GlobalSection(ProjectConfigurationPlatforms) = postSolution
		{128A476C-F0EA-422A-B6CF-33DAAC5CD051}.Debug|Any CPU.ActiveCfg = Debug|Any CPU
		{128A476C-F0EA-422A-B6CF-33DAAC5CD051}.Debug|Any CPU.Build.0 = Debug|Any CPU
		{128A476C-F0EA-422A-B6CF-33DAAC5CD051}.Release|Any CPU.ActiveCfg = Release|Any CPU
		{128A476C-F0EA-422A-B6CF-33DAAC5CD051}.Release|Any CPU.Build.0 = Release|Any CPU
		{5FF7E617-6853-4110-B8D7-1A077BE95D7B}.Debug|Any CPU.ActiveCfg = Debug|Any CPU
		{5FF7E617-6853-4110-B8D7-1A077BE95D7B}.Debug|Any CPU.Build.0 = Debug|Any CPU
		{5FF7E617-6853-4110-B8D7-1A077BE95D7B}.Release|Any CPU.ActiveCfg = Release|Any CPU
		{5FF7E617-6853-4110-B8D7-1A077BE95D7B}.Release|Any CPU.Build.0 = Release|Any CPU
	EndGlobalSection
	GlobalSection(SolutionProperties) = preSolution
		HideSolutionNode = FALSE
	EndGlobalSection
	GlobalSection(ExtensibilityGlobals) = postSolution
		SolutionGuid = {3D958196-BB41-4C59-B3E1-F61DD7E602F3}
	EndGlobalSection
EndGlobal
